
Microsoft Visual Studio Solution File, Format Version 12.00
# Visual Studio Version 17
VisualStudioVersion = 17.7.34221.43
MinimumVisualStudioVersion = 10.0.40219.1
Project("{FAE04EC0-301F-11D3-BF4B-00C04F79EFBC}") = "TestWatch", "TestWatch\TestWatch.csproj", "{122FC4A2-9933-4C4A-AF14-1350301585DB}"
EndProject
Global
	GlobalSection(SolutionConfigurationPlatforms) = preSolution
		Debug|Any CPU = Debug|Any CPU
		Release|Any CPU = Release|Any CPU
	EndGlobalSection
	GlobalSection(ProjectConfigurationPlatforms) = postSolution
		{122FC4A2-9933-4C4A-AF14-1350301585DB}.Debug|Any CPU.ActiveCfg = Debug|Any CPU
		{122FC4A2-9933-4C4A-AF14-1350301585DB}.Debug|Any CPU.Build.0 = Debug|Any CPU
		{122FC4A2-9933-4C4A-AF14-1350301585DB}.Release|Any CPU.ActiveCfg = Release|Any CPU
		{122FC4A2-9933-4C4A-AF14-1350301585DB}.Release|Any CPU.Build.0 = Release|Any CPU
	EndGlobalSection
	GlobalSection(SolutionProperties) = preSolution
		HideSolutionNode = FALSE
	EndGlobalSection
	GlobalSection(ExtensibilityGlobals) = postSolution
		SolutionGuid = {3CEAA37C-3E93-4939-BBA8-FD74C1FF04B7}
	EndGlobalSection
EndGlobal
